
Microsoft Visual Studio Solution File, Format Version 12.00
# Visual Studio Version 17
VisualStudioVersion = 17.9.34714.143
MinimumVisualStudioVersion = 10.0.40219.1
Project("{FAE04EC0-301F-11D3-BF4B-00C04F79EFBC}") = "BookStore", "BookStore\BookStore.csproj", "{28BD039A-5E9A-428A-8FA9-D9D4C95B8994}"
EndProject
Global
	GlobalSection(SolutionConfigurationPlatforms) = preSolution
		Debug|Any CPU = Debug|Any CPU
		Release|Any CPU = Release|Any CPU
	EndGlobalSection
	GlobalSection(ProjectConfigurationPlatforms) = postSolution
		{28BD039A-5E9A-428A-8FA9-D9D4C95B8994}.Debug|Any CPU.ActiveCfg = Debug|Any CPU
		{28BD039A-5E9A-428A-8FA9-D9D4C95B8994}.Debug|Any CPU.Build.0 = Debug|Any CPU
		{28BD039A-5E9A-428A-8FA9-D9D4C95B8994}.Release|Any CPU.ActiveCfg = Release|Any CPU
		{28BD039A-5E9A-428A-8FA9-D9D4C95B8994}.Release|Any CPU.Build.0 = Release|Any CPU
	EndGlobalSection
	GlobalSection(SolutionProperties) = preSolution
		HideSolutionNode = FALSE
	EndGlobalSection
	GlobalSection(ExtensibilityGlobals) = postSolution
		SolutionGuid = {454F9E1D-19C3-4422-8B9E-0165EA841323}
	EndGlobalSection
EndGlobal
